{
  "name": "@laitszkin/apollo-toolkit",
  "version": "2.11.2",
  "lockfileVersion": 3,
  "requires": true,
  "packages": {
    "": {
      "name": "@laitszkin/apollo-toolkit",
      "version": "2.11.2",
      "license": "MIT",
      "bin": {
        "apollo-toolkit": "bin/apollo-toolkit.js"
      },
      "engines": {
        "node": ">=18.18"
      }
    }
  }
}
